
Microsoft Visual Studio Solution File, Format Version 12.00
# Visual Studio Version 17
VisualStudioVersion = 17.6.33829.357
MinimumVisualStudioVersion = 10.0.40219.1
Project("{FAE04EC0-301F-11D3-BF4B-00C04F79EFBC}") = "AngularAythAPI", "AngularAythAPI\AngularAythAPI.csproj", "{56AA4D63-3170-4D7E-A338-9FB4C28A0B05}"
EndProject
Global
	GlobalSection(SolutionConfigurationPlatforms) = preSolution
		Debug|Any CPU = Debug|Any CPU
		Release|Any CPU = Release|Any CPU
	EndGlobalSection
	GlobalSection(ProjectConfigurationPlatforms) = postSolution
		{56AA4D63-3170-4D7E-A338-9FB4C28A0B05}.Debug|Any CPU.ActiveCfg = Debug|Any CPU
		{56AA4D63-3170-4D7E-A338-9FB4C28A0B05}.Debug|Any CPU.Build.0 = Debug|Any CPU
		{56AA4D63-3170-4D7E-A338-9FB4C28A0B05}.Release|Any CPU.ActiveCfg = Release|Any CPU
		{56AA4D63-3170-4D7E-A338-9FB4C28A0B05}.Release|Any CPU.Build.0 = Release|Any CPU
	EndGlobalSection
	GlobalSection(SolutionProperties) = preSolution
		HideSolutionNode = FALSE
	EndGlobalSection
	GlobalSection(ExtensibilityGlobals) = postSolution
		SolutionGuid = {62ABFBED-8712-4900-B13E-4840555E80EB}
	EndGlobalSection
EndGlobal
